github.com/defenseunicorns/defense-unicorns-hugo-theme v0.2.3 h1:IJbjpo8sjL3Ou0wVtg1fQPTwTpzSLp5QgLTG/mmrHvw=
github.com/defenseunicorns/defense-unicorns-hugo-theme v0.2.3/go.mod h1:3JLwYkjiVkX81/K6sc66UMtThQZbRY0uNnZrrXvW87w=
github.com/defenseunicorns/defense-unicorns-hugo-theme/dependencies v0.2.3 h1:goKnVRHc2mT2qPaHA7mYllQ7LfYPDkTh5H7228ZAFU4=
github.com/defenseunicorns/defense-unicorns-hugo-theme/dependencies v0.2.3/go.mod h1:dl5wAFhn5kVPONg4zLhI3I8IIx+TX+N+sUyr8Wrs32E=
