github.com/defenseunicorns/defense-unicorns-hugo-theme v0.3.2 h1:RVlHqg5ARerG+mJevflSSctZOV4+XSIVpPxF8WmtWH4=
github.com/defenseunicorns/defense-unicorns-hugo-theme v0.3.2/go.mod h1:iRL8r3OpOgc5ITrHiK8WE58mw3ebGMIjvfTfOM0qMRI=
github.com/defenseunicorns/defense-unicorns-hugo-theme/dependencies v0.3.2 h1:BRlic6ujzVFIqdsImTjHlkMW9MAp/ime/bcuHru+Pyo=
github.com/defenseunicorns/defense-unicorns-hugo-theme/dependencies v0.3.2/go.mod h1:BqOjrn+Xg2qWrft5dzybj2HC1jtm7Eb9zbrDYFsgEU8=
