github.com/defenseunicorns/defense-unicorns-hugo-theme v0.3.1 h1:8BFpxVaVgaXqmrTT5JvHambafW6+e64lO9BlTH5tMR0=
github.com/defenseunicorns/defense-unicorns-hugo-theme v0.3.1/go.mod h1:xW8QCFoa1it7A+H9wEOLNtWKv80biSdVc31ham9UOk4=
github.com/defenseunicorns/defense-unicorns-hugo-theme/dependencies v0.3.1 h1:mfclB0t0jSgEbAEbQWm2yr/c8QjMgtQEudXX/z1P1EY=
github.com/defenseunicorns/defense-unicorns-hugo-theme/dependencies v0.3.1/go.mod h1:BqOjrn+Xg2qWrft5dzybj2HC1jtm7Eb9zbrDYFsgEU8=
