---
apiVersion: v1
kind: Namespace
metadata:
  name: twistlock
---
apiVersion: helm.cattle.io/v1
kind: HelmChart
metadata:
  name: twistlock
  namespace: twistlock
spec:
  chart: https://%{KUBERNETES_API}%/static/charts/twistlock-0.0.6-bb.1.tgz
  targetNamespace: twistlock
  valuesContent: |-
    imagePullSecrets:
      - name: private-registry
---
apiVersion: networking.k8s.io/v1
kind: Ingress
metadata:
  name: twistlock-ingress
  namespace: twistlock
  annotations:
    kubernetes.io/ingress.class: "traefik"
    traefik.ingress.kubernetes.io/router.middlewares: kube-system-ssl-redirect@kubernetescrd
spec:
  rules:
    - http:
        paths:
          - path: /
            pathType: Prefix
            backend:
              service:
                name: twistlock-console
                port:
                  number: 8081
